// !$*UTF8*$!
{
	archiveVersion = 1;
	classes = {
	};
	objectVersion = 50;
	objects = {

/* Begin PBXBuildFile section */
		F7193BA0208B9D16001B4AF1 /* AppDelegate.swift in Sources */ = {isa = PBXBuildFile; fileRef = F7193B9F208B9D16001B4AF1 /* AppDelegate.swift */; };
		F7193BA8208B9D16001B4AF1 /* XPInvestimento.xcdatamodeld in Sources */ = {isa = PBXBuildFile; fileRef = F7193BA6208B9D16001B4AF1 /* XPInvestimento.xcdatamodeld */; };
		F7193BAA208B9D1E001B4AF1 /* Assets.xcassets in Resources */ = {isa = PBXBuildFile; fileRef = F7193BA9208B9D1E001B4AF1 /* Assets.xcassets */; };
		F7193BAD208B9D1E001B4AF1 /* LaunchScreen.storyboard in Resources */ = {isa = PBXBuildFile; fileRef = F7193BAB208B9D1E001B4AF1 /* LaunchScreen.storyboard */; };
		F7193BC3208B9D1E001B4AF1 /* XPInvestimentoUITests.swift in Sources */ = {isa = PBXBuildFile; fileRef = F7193BC2208B9D1E001B4AF1 /* XPInvestimentoUITests.swift */; };
		F7743234208BB9BE00930672 /* CharactersRouter.swift in Sources */ = {isa = PBXBuildFile; fileRef = F7743233208BB9BE00930672 /* CharactersRouter.swift */; };
		F7743236208BB9CC00930672 /* CharactersInteractor.swift in Sources */ = {isa = PBXBuildFile; fileRef = F7743235208BB9CC00930672 /* CharactersInteractor.swift */; };
		F7743238208BB9D400930672 /* CharactersPresenter.swift in Sources */ = {isa = PBXBuildFile; fileRef = F7743237208BB9D400930672 /* CharactersPresenter.swift */; };
		F774323A208BB9E300930672 /* CharactersViewController.swift in Sources */ = {isa = PBXBuildFile; fileRef = F7743239208BB9E300930672 /* CharactersViewController.swift */; };
		F774323C208BB9F100930672 /* CharactersViewController.storyboard in Resources */ = {isa = PBXBuildFile; fileRef = F774323B208BB9F100930672 /* CharactersViewController.storyboard */; };
		F7743242208BBA6200930672 /* CharacterDetailRouter.swift in Sources */ = {isa = PBXBuildFile; fileRef = F7743241208BBA6200930672 /* CharacterDetailRouter.swift */; };
		F7743244208BBA6A00930672 /* CharacterDetailInteractor.swift in Sources */ = {isa = PBXBuildFile; fileRef = F7743243208BBA6A00930672 /* CharacterDetailInteractor.swift */; };
		F7743246208BBA7100930672 /* CharacterDetailPresenter.swift in Sources */ = {isa = PBXBuildFile; fileRef = F7743245208BBA7100930672 /* CharacterDetailPresenter.swift */; };
		F7743248208BBA7D00930672 /* CharacterDetailViewController.swift in Sources */ = {isa = PBXBuildFile; fileRef = F7743247208BBA7D00930672 /* CharacterDetailViewController.swift */; };
		F774324A208BBA8500930672 /* CharacterDetailViewController.storyboard in Resources */ = {isa = PBXBuildFile; fileRef = F7743249208BBA8500930672 /* CharacterDetailViewController.storyboard */; };
		F7743250208BBADD00930672 /* CharactersFavoriteRouter.swift in Sources */ = {isa = PBXBuildFile; fileRef = F774324F208BBADD00930672 /* CharactersFavoriteRouter.swift */; };
		F7743252208BBAE300930672 /* CharactersFavoriteInteractor.swift in Sources */ = {isa = PBXBuildFile; fileRef = F7743251208BBAE300930672 /* CharactersFavoriteInteractor.swift */; };
		F7743254208BBAEC00930672 /* CharactersFavoritePresenter.swift in Sources */ = {isa = PBXBuildFile; fileRef = F7743253208BBAEC00930672 /* CharactersFavoritePresenter.swift */; };
		F7743256208BBAFB00930672 /* CharactersFavoriteViewController.swift in Sources */ = {isa = PBXBuildFile; fileRef = F7743255208BBAFB00930672 /* CharactersFavoriteViewController.swift */; };
		F7743258208BBB0100930672 /* CharactersFavoriteViewController.storyboard in Resources */ = {isa = PBXBuildFile; fileRef = F7743257208BBB0100930672 /* CharactersFavoriteViewController.storyboard */; };
		F774325A208BBB2400930672 /* .gitignore in Resources */ = {isa = PBXBuildFile; fileRef = F7743259208BBB2400930672 /* .gitignore */; };
		F774325E208BBC6800930672 /* Logger.swift in Sources */ = {isa = PBXBuildFile; fileRef = F774325D208BBC6800930672 /* Logger.swift */; };
		F7743265208BBCFE00930672 /* Constants.swift in Sources */ = {isa = PBXBuildFile; fileRef = F7743264208BBCFE00930672 /* Constants.swift */; };
		F774326F208BD11100930672 /* Cartfile in Resources */ = {isa = PBXBuildFile; fileRef = F774326E208BD11100930672 /* Cartfile */; };
		F7743272208BD19100930672 /* CryptoSwift.framework in Frameworks */ = {isa = PBXBuildFile; fileRef = F7743271208BD19100930672 /* CryptoSwift.framework */; };
		F7743275208BD2CB00930672 /* DataManager.swift in Sources */ = {isa = PBXBuildFile; fileRef = F7743274208BD2CB00930672 /* DataManager.swift */; };
		F7743277208BD37300930672 /* Character.swift in Sources */ = {isa = PBXBuildFile; fileRef = F7743276208BD37300930672 /* Character.swift */; };
		F774327B208BD5A000930672 /* APIRequest.swift in Sources */ = {isa = PBXBuildFile; fileRef = F774327A208BD5A000930672 /* APIRequest.swift */; };
		F7743280208BD92C00930672 /* GetCharacters.swift in Sources */ = {isa = PBXBuildFile; fileRef = F774327F208BD92C00930672 /* GetCharacters.swift */; };
		F7743282208BDA4000930672 /* Image.swift in Sources */ = {isa = PBXBuildFile; fileRef = F7743281208BDA4000930672 /* Image.swift */; };
		F7743284208BDBA900930672 /* MarvelResponse.swift in Sources */ = {isa = PBXBuildFile; fileRef = F7743283208BDBA900930672 /* MarvelResponse.swift */; };
		F7743286208BDC3B00930672 /* DataCointaner.swift in Sources */ = {isa = PBXBuildFile; fileRef = F7743285208BDC3B00930672 /* DataCointaner.swift */; };
		F7743288208BDF0C00930672 /* HTTPParameter.swift in Sources */ = {isa = PBXBuildFile; fileRef = F7743287208BDF0C00930672 /* HTTPParameter.swift */; };
		F774328A208BDFFF00930672 /* String+MD5.swift in Sources */ = {isa = PBXBuildFile; fileRef = F7743289208BDFFF00930672 /* String+MD5.swift */; };
		F774328C208BE0DB00930672 /* URLQueryEncoder.swift in Sources */ = {isa = PBXBuildFile; fileRef = F774328B208BE0DA00930672 /* URLQueryEncoder.swift */; };
		F774328F208BE14700930672 /* APIError.swift in Sources */ = {isa = PBXBuildFile; fileRef = F774328E208BE14700930672 /* APIError.swift */; };
		F7743292208BE30800930672 /* Result.swift in Sources */ = {isa = PBXBuildFile; fileRef = F7743291208BE30800930672 /* Result.swift */; };
		F7EB4195208D160F0052CBE2 /* APITest.swift in Sources */ = {isa = PBXBuildFile; fileRef = F7EB4194208D160F0052CBE2 /* APITest.swift */; };
/* End PBXBuildFile section */

/* Begin PBXContainerItemProxy section */
		F7193BB4208B9D1E001B4AF1 /* PBXContainerItemProxy */ = {
			isa = PBXContainerItemProxy;
			containerPortal = F7193B94208B9D16001B4AF1 /* Project object */;
			proxyType = 1;
			remoteGlobalIDString = F7193B9B208B9D16001B4AF1;
			remoteInfo = XPInvestimento;
		};
		F7193BBF208B9D1E001B4AF1 /* PBXContainerItemProxy */ = {
			isa = PBXContainerItemProxy;
			containerPortal = F7193B94208B9D16001B4AF1 /* Project object */;
			proxyType = 1;
			remoteGlobalIDString = F7193B9B208B9D16001B4AF1;
			remoteInfo = XPInvestimento;
		};
/* End PBXContainerItemProxy section */

/* Begin PBXFileReference section */
		F7193B9C208B9D16001B4AF1 /* XPInvestimento.app */ = {isa = PBXFileReference; explicitFileType = wrapper.application; includeInIndex = 0; path = XPInvestimento.app; sourceTree = BUILT_PRODUCTS_DIR; };
		F7193B9F208B9D16001B4AF1 /* AppDelegate.swift */ = {isa = PBXFileReference; lastKnownFileType = sourcecode.swift; path = AppDelegate.swift; sourceTree = "<group>"; };
		F7193BA7208B9D16001B4AF1 /* XPInvestimento.xcdatamodel */ = {isa = PBXFileReference; lastKnownFileType = wrapper.xcdatamodel; path = XPInvestimento.xcdatamodel; sourceTree = "<group>"; };
		F7193BA9208B9D1E001B4AF1 /* Assets.xcassets */ = {isa = PBXFileReference; lastKnownFileType = folder.assetcatalog; path = Assets.xcassets; sourceTree = "<group>"; };
		F7193BAC208B9D1E001B4AF1 /* Base */ = {isa = PBXFileReference; lastKnownFileType = file.storyboard; name = Base; path = Base.lproj/LaunchScreen.storyboard; sourceTree = "<group>"; };
		F7193BAE208B9D1E001B4AF1 /* Info.plist */ = {isa = PBXFileReference; lastKnownFileType = text.plist.xml; path = Info.plist; sourceTree = "<group>"; };
		F7193BB3208B9D1E001B4AF1 /* XPInvestimentoTests.xctest */ = {isa = PBXFileReference; explicitFileType = wrapper.cfbundle; includeInIndex = 0; path = XPInvestimentoTests.xctest; sourceTree = BUILT_PRODUCTS_DIR; };
		F7193BB9208B9D1E001B4AF1 /* Info.plist */ = {isa = PBXFileReference; lastKnownFileType = text.plist.xml; path = Info.plist; sourceTree = "<group>"; };
		F7193BBE208B9D1E001B4AF1 /* XPInvestimentoUITests.xctest */ = {isa = PBXFileReference; explicitFileType = wrapper.cfbundle; includeInIndex = 0; path = XPInvestimentoUITests.xctest; sourceTree = BUILT_PRODUCTS_DIR; };
		F7193BC2208B9D1E001B4AF1 /* XPInvestimentoUITests.swift */ = {isa = PBXFileReference; lastKnownFileType = sourcecode.swift; path = XPInvestimentoUITests.swift; sourceTree = "<group>"; };
		F7193BC4208B9D1E001B4AF1 /* Info.plist */ = {isa = PBXFileReference; lastKnownFileType = text.plist.xml; path = Info.plist; sourceTree = "<group>"; };
		F7743233208BB9BE00930672 /* CharactersRouter.swift */ = {isa = PBXFileReference; lastKnownFileType = sourcecode.swift; path = CharactersRouter.swift; sourceTree = "<group>"; };
		F7743235208BB9CC00930672 /* CharactersInteractor.swift */ = {isa = PBXFileReference; lastKnownFileType = sourcecode.swift; path = CharactersInteractor.swift; sourceTree = "<group>"; };
		F7743237208BB9D400930672 /* CharactersPresenter.swift */ = {isa = PBXFileReference; lastKnownFileType = sourcecode.swift; path = CharactersPresenter.swift; sourceTree = "<group>"; };
		F7743239208BB9E300930672 /* CharactersViewController.swift */ = {isa = PBXFileReference; lastKnownFileType = sourcecode.swift; path = CharactersViewController.swift; sourceTree = "<group>"; };
		F774323B208BB9F100930672 /* CharactersViewController.storyboard */ = {isa = PBXFileReference; lastKnownFileType = file.storyboard; path = CharactersViewController.storyboard; sourceTree = "<group>"; };
		F7743241208BBA6200930672 /* CharacterDetailRouter.swift */ = {isa = PBXFileReference; lastKnownFileType = sourcecode.swift; path = CharacterDetailRouter.swift; sourceTree = "<group>"; };
		F7743243208BBA6A00930672 /* CharacterDetailInteractor.swift */ = {isa = PBXFileReference; lastKnownFileType = sourcecode.swift; path = CharacterDetailInteractor.swift; sourceTree = "<group>"; };
		F7743245208BBA7100930672 /* CharacterDetailPresenter.swift */ = {isa = PBXFileReference; lastKnownFileType = sourcecode.swift; path = CharacterDetailPresenter.swift; sourceTree = "<group>"; };
		F7743247208BBA7D00930672 /* CharacterDetailViewController.swift */ = {isa = PBXFileReference; lastKnownFileType = sourcecode.swift; path = CharacterDetailViewController.swift; sourceTree = "<group>"; };
		F7743249208BBA8500930672 /* CharacterDetailViewController.storyboard */ = {isa = PBXFileReference; lastKnownFileType = file.storyboard; path = CharacterDetailViewController.storyboard; sourceTree = "<group>"; };
		F774324F208BBADD00930672 /* CharactersFavoriteRouter.swift */ = {isa = PBXFileReference; lastKnownFileType = sourcecode.swift; path = CharactersFavoriteRouter.swift; sourceTree = "<group>"; };
		F7743251208BBAE300930672 /* CharactersFavoriteInteractor.swift */ = {isa = PBXFileReference; lastKnownFileType = sourcecode.swift; path = CharactersFavoriteInteractor.swift; sourceTree = "<group>"; };
		F7743253208BBAEC00930672 /* CharactersFavoritePresenter.swift */ = {isa = PBXFileReference; lastKnownFileType = sourcecode.swift; path = CharactersFavoritePresenter.swift; sourceTree = "<group>"; };
		F7743255208BBAFB00930672 /* CharactersFavoriteViewController.swift */ = {isa = PBXFileReference; lastKnownFileType = sourcecode.swift; path = CharactersFavoriteViewController.swift; sourceTree = "<group>"; };
		F7743257208BBB0100930672 /* CharactersFavoriteViewController.storyboard */ = {isa = PBXFileReference; lastKnownFileType = file.storyboard; path = CharactersFavoriteViewController.storyboard; sourceTree = "<group>"; };
		F7743259208BBB2400930672 /* .gitignore */ = {isa = PBXFileReference; lastKnownFileType = text; path = .gitignore; sourceTree = "<group>"; };
		F774325D208BBC6800930672 /* Logger.swift */ = {isa = PBXFileReference; lastKnownFileType = sourcecode.swift; path = Logger.swift; sourceTree = "<group>"; };
		F7743264208BBCFE00930672 /* Constants.swift */ = {isa = PBXFileReference; lastKnownFileType = sourcecode.swift; path = Constants.swift; sourceTree = "<group>"; };
		F774326E208BD11100930672 /* Cartfile */ = {isa = PBXFileReference; lastKnownFileType = text; path = Cartfile; sourceTree = SOURCE_ROOT; };
		F7743271208BD19100930672 /* CryptoSwift.framework */ = {isa = PBXFileReference; lastKnownFileType = wrapper.framework; name = CryptoSwift.framework; path = Carthage/Build/iOS/CryptoSwift.framework; sourceTree = "<group>"; };
		F7743274208BD2CB00930672 /* DataManager.swift */ = {isa = PBXFileReference; lastKnownFileType = sourcecode.swift; path = DataManager.swift; sourceTree = "<group>"; };
		F7743276208BD37300930672 /* Character.swift */ = {isa = PBXFileReference; lastKnownFileType = sourcecode.swift; path = Character.swift; sourceTree = "<group>"; };
		F774327A208BD5A000930672 /* APIRequest.swift */ = {isa = PBXFileReference; lastKnownFileType = sourcecode.swift; path = APIRequest.swift; sourceTree = "<group>"; };
		F774327F208BD92C00930672 /* GetCharacters.swift */ = {isa = PBXFileReference; lastKnownFileType = sourcecode.swift; path = GetCharacters.swift; sourceTree = "<group>"; };
		F7743281208BDA4000930672 /* Image.swift */ = {isa = PBXFileReference; lastKnownFileType = sourcecode.swift; path = Image.swift; sourceTree = "<group>"; };
		F7743283208BDBA900930672 /* MarvelResponse.swift */ = {isa = PBXFileReference; lastKnownFileType = sourcecode.swift; path = MarvelResponse.swift; sourceTree = "<group>"; };
		F7743285208BDC3B00930672 /* DataCointaner.swift */ = {isa = PBXFileReference; lastKnownFileType = sourcecode.swift; path = DataCointaner.swift; sourceTree = "<group>"; };
		F7743287208BDF0C00930672 /* HTTPParameter.swift */ = {isa = PBXFileReference; lastKnownFileType = sourcecode.swift; path = HTTPParameter.swift; sourceTree = "<group>"; };
		F7743289208BDFFF00930672 /* String+MD5.swift */ = {isa = PBXFileReference; lastKnownFileType = sourcecode.swift; path = "String+MD5.swift"; sourceTree = "<group>"; };
		F774328B208BE0DA00930672 /* URLQueryEncoder.swift */ = {isa = PBXFileReference; lastKnownFileType = sourcecode.swift; path = URLQueryEncoder.swift; sourceTree = "<group>"; };
		F774328E208BE14700930672 /* APIError.swift */ = {isa = PBXFileReference; lastKnownFileType = sourcecode.swift; path = APIError.swift; sourceTree = "<group>"; };
		F7743291208BE30800930672 /* Result.swift */ = {isa = PBXFileReference; lastKnownFileType = sourcecode.swift; path = Result.swift; sourceTree = "<group>"; };
		F7EB4194208D160F0052CBE2 /* APITest.swift */ = {isa = PBXFileReference; lastKnownFileType = sourcecode.swift; path = APITest.swift; sourceTree = "<group>"; };
/* End PBXFileReference section */

/* Begin PBXFrameworksBuildPhase section */
		F7193B99208B9D16001B4AF1 /* Frameworks */ = {
			isa = PBXFrameworksBuildPhase;
			buildActionMask = 2147483647;
			files = (
				F7743272208BD19100930672 /* CryptoSwift.framework in Frameworks */,
			);
			runOnlyForDeploymentPostprocessing = 0;
		};
		F7193BB0208B9D1E001B4AF1 /* Frameworks */ = {
			isa = PBXFrameworksBuildPhase;
			buildActionMask = 2147483647;
			files = (
			);
			runOnlyForDeploymentPostprocessing = 0;
		};
		F7193BBB208B9D1E001B4AF1 /* Frameworks */ = {
			isa = PBXFrameworksBuildPhase;
			buildActionMask = 2147483647;
			files = (
			);
			runOnlyForDeploymentPostprocessing = 0;
		};
/* End PBXFrameworksBuildPhase section */

/* Begin PBXGroup section */
		F7193B93208B9D16001B4AF1 = {
			isa = PBXGroup;
			children = (
				F7193B9E208B9D16001B4AF1 /* XPInvestimento */,
				F7193BB6208B9D1E001B4AF1 /* XPInvestimentoTests */,
				F7193BC1208B9D1E001B4AF1 /* XPInvestimentoUITests */,
				F7193B9D208B9D16001B4AF1 /* Products */,
				F7743270208BD19100930672 /* Frameworks */,
			);
			sourceTree = "<group>";
		};
		F7193B9D208B9D16001B4AF1 /* Products */ = {
			isa = PBXGroup;
			children = (
				F7193B9C208B9D16001B4AF1 /* XPInvestimento.app */,
				F7193BB3208B9D1E001B4AF1 /* XPInvestimentoTests.xctest */,
				F7193BBE208B9D1E001B4AF1 /* XPInvestimentoUITests.xctest */,
			);
			name = Products;
			sourceTree = "<group>";
		};
		F7193B9E208B9D16001B4AF1 /* XPInvestimento */ = {
			isa = PBXGroup;
			children = (
				F7193B9F208B9D16001B4AF1 /* AppDelegate.swift */,
				F774325C208BBC5B00930672 /* Utils */,
				F774325B208BBC5400930672 /* Manager */,
				F774322B208B9D5300930672 /* Modules */,
				F7743261208BBCCC00930672 /* Entities */,
				F7193BD0208B9D34001B4AF1 /* Supporting Files */,
			);
			path = XPInvestimento;
			sourceTree = "<group>";
		};
		F7193BB6208B9D1E001B4AF1 /* XPInvestimentoTests */ = {
			isa = PBXGroup;
			children = (
				F7EB4194208D160F0052CBE2 /* APITest.swift */,
				F7193BB9208B9D1E001B4AF1 /* Info.plist */,
			);
			path = XPInvestimentoTests;
			sourceTree = "<group>";
		};
		F7193BC1208B9D1E001B4AF1 /* XPInvestimentoUITests */ = {
			isa = PBXGroup;
			children = (
				F7193BC2208B9D1E001B4AF1 /* XPInvestimentoUITests.swift */,
				F7193BC4208B9D1E001B4AF1 /* Info.plist */,
			);
			path = XPInvestimentoUITests;
			sourceTree = "<group>";
		};
		F7193BD0208B9D34001B4AF1 /* Supporting Files */ = {
			isa = PBXGroup;
			children = (
				F7193BA9208B9D1E001B4AF1 /* Assets.xcassets */,
				F7193BAB208B9D1E001B4AF1 /* LaunchScreen.storyboard */,
				F7193BAE208B9D1E001B4AF1 /* Info.plist */,
				F7193BA6208B9D16001B4AF1 /* XPInvestimento.xcdatamodeld */,
				F7743259208BBB2400930672 /* .gitignore */,
				F774326E208BD11100930672 /* Cartfile */,
			);
			name = "Supporting Files";
			sourceTree = "<group>";
		};
		F774322B208B9D5300930672 /* Modules */ = {
			isa = PBXGroup;
			children = (
				F774322E208BB98200930672 /* Characters */,
				F774322D208BB97800930672 /* CharacterDetail */,
				F774322C208B9D5D00930672 /* Favorites */,
			);
			name = Modules;
			sourceTree = "<group>";
		};
		F774322C208B9D5D00930672 /* Favorites */ = {
			isa = PBXGroup;
			children = (
				F774324E208BBA9B00930672 /* View */,
				F774324D208BBA9700930672 /* Presenter */,
				F774324C208BBA9300930672 /* Interactor */,
				F774324B208BBA8E00930672 /* Router */,
			);
			name = Favorites;
			sourceTree = "<group>";
		};
		F774322D208BB97800930672 /* CharacterDetail */ = {
			isa = PBXGroup;
			children = (
				F7743240208BBA3200930672 /* View */,
				F774323F208BBA2D00930672 /* Presenter */,
				F774323E208BBA2600930672 /* Interactor */,
				F774323D208BBA1B00930672 /* Router */,
			);
			name = CharacterDetail;
			sourceTree = "<group>";
		};
		F774322E208BB98200930672 /* Characters */ = {
			isa = PBXGroup;
			children = (
				F7743232208BB9A000930672 /* View */,
				F7743231208BB99900930672 /* Presenter */,
				F7743230208BB99500930672 /* Interactor */,
				F774322F208BB99200930672 /* Router */,
			);
			name = Characters;
			sourceTree = "<group>";
		};
		F774322F208BB99200930672 /* Router */ = {
			isa = PBXGroup;
			children = (
				F7743233208BB9BE00930672 /* CharactersRouter.swift */,
			);
			name = Router;
			sourceTree = "<group>";
		};
		F7743230208BB99500930672 /* Interactor */ = {
			isa = PBXGroup;
			children = (
				F7743235208BB9CC00930672 /* CharactersInteractor.swift */,
			);
			name = Interactor;
			sourceTree = "<group>";
		};
		F7743231208BB99900930672 /* Presenter */ = {
			isa = PBXGroup;
			children = (
				F7743237208BB9D400930672 /* CharactersPresenter.swift */,
			);
			name = Presenter;
			sourceTree = "<group>";
		};
		F7743232208BB9A000930672 /* View */ = {
			isa = PBXGroup;
			children = (
				F774323B208BB9F100930672 /* CharactersViewController.storyboard */,
				F7743239208BB9E300930672 /* CharactersViewController.swift */,
			);
			name = View;
			sourceTree = "<group>";
		};
		F774323D208BBA1B00930672 /* Router */ = {
			isa = PBXGroup;
			children = (
				F7743241208BBA6200930672 /* CharacterDetailRouter.swift */,
			);
			name = Router;
			sourceTree = "<group>";
		};
		F774323E208BBA2600930672 /* Interactor */ = {
			isa = PBXGroup;
			children = (
				F7743243208BBA6A00930672 /* CharacterDetailInteractor.swift */,
			);
			name = Interactor;
			sourceTree = "<group>";
		};
		F774323F208BBA2D00930672 /* Presenter */ = {
			isa = PBXGroup;
			children = (
				F7743245208BBA7100930672 /* CharacterDetailPresenter.swift */,
			);
			name = Presenter;
			sourceTree = "<group>";
		};
		F7743240208BBA3200930672 /* View */ = {
			isa = PBXGroup;
			children = (
				F7743249208BBA8500930672 /* CharacterDetailViewController.storyboard */,
				F7743247208BBA7D00930672 /* CharacterDetailViewController.swift */,
			);
			name = View;
			sourceTree = "<group>";
		};
		F774324B208BBA8E00930672 /* Router */ = {
			isa = PBXGroup;
			children = (
				F774324F208BBADD00930672 /* CharactersFavoriteRouter.swift */,
			);
			name = Router;
			sourceTree = "<group>";
		};
		F774324C208BBA9300930672 /* Interactor */ = {
			isa = PBXGroup;
			children = (
				F7743251208BBAE300930672 /* CharactersFavoriteInteractor.swift */,
			);
			name = Interactor;
			sourceTree = "<group>";
		};
		F774324D208BBA9700930672 /* Presenter */ = {
			isa = PBXGroup;
			children = (
				F7743253208BBAEC00930672 /* CharactersFavoritePresenter.swift */,
			);
			name = Presenter;
			sourceTree = "<group>";
		};
		F774324E208BBA9B00930672 /* View */ = {
			isa = PBXGroup;
			children = (
				F7743257208BBB0100930672 /* CharactersFavoriteViewController.storyboard */,
				F7743255208BBAFB00930672 /* CharactersFavoriteViewController.swift */,
			);
			name = View;
			sourceTree = "<group>";
		};
		F774325B208BBC5400930672 /* Manager */ = {
			isa = PBXGroup;
			children = (
				F7743266208BC72900930672 /* Data */,
			);
			name = Manager;
			sourceTree = "<group>";
		};
		F774325C208BBC5B00930672 /* Utils */ = {
			isa = PBXGroup;
			children = (
				F774325D208BBC6800930672 /* Logger.swift */,
				F7743264208BBCFE00930672 /* Constants.swift */,
				F7743289208BDFFF00930672 /* String+MD5.swift */,
			);
			name = Utils;
			sourceTree = "<group>";
		};
		F7743261208BBCCC00930672 /* Entities */ = {
			isa = PBXGroup;
			children = (
				F7743276208BD37300930672 /* Character.swift */,
				F7743281208BDA4000930672 /* Image.swift */,
				F7743285208BDC3B00930672 /* DataCointaner.swift */,
				F7743283208BDBA900930672 /* MarvelResponse.swift */,
			);
			name = Entities;
			sourceTree = "<group>";
		};
		F7743266208BC72900930672 /* Data */ = {
			isa = PBXGroup;
			children = (
				F7743274208BD2CB00930672 /* DataManager.swift */,
				F7743267208BC73200930672 /* Protocols */,
				F7743293208BE32700930672 /* Support Classes */,
				F774328D208BE12500930672 /* Errors */,
				F774327E208BD91900930672 /* Requests */,
			);
			name = Data;
			sourceTree = "<group>";
		};
		F7743267208BC73200930672 /* Protocols */ = {
			isa = PBXGroup;
			children = (
				F774327A208BD5A000930672 /* APIRequest.swift */,
			);
			name = Protocols;
			sourceTree = "<group>";
		};
		F7743270208BD19100930672 /* Frameworks */ = {
			isa = PBXGroup;
			children = (
				F7743271208BD19100930672 /* CryptoSwift.framework */,
			);
			name = Frameworks;
			sourceTree = "<group>";
		};
		F774327E208BD91900930672 /* Requests */ = {
			isa = PBXGroup;
			children = (
				F774327F208BD92C00930672 /* GetCharacters.swift */,
			);
			name = Requests;
			sourceTree = "<group>";
		};
		F774328D208BE12500930672 /* Errors */ = {
			isa = PBXGroup;
			children = (
				F774328E208BE14700930672 /* APIError.swift */,
			);
			name = Errors;
			sourceTree = "<group>";
		};
		F7743293208BE32700930672 /* Support Classes */ = {
			isa = PBXGroup;
			children = (
				F7743291208BE30800930672 /* Result.swift */,
				F7743287208BDF0C00930672 /* HTTPParameter.swift */,
				F774328B208BE0DA00930672 /* URLQueryEncoder.swift */,
			);
			name = "Support Classes";
			sourceTree = "<group>";
		};
/* End PBXGroup section */

/* Begin PBXNativeTarget section */
		F7193B9B208B9D16001B4AF1 /* XPInvestimento */ = {
			isa = PBXNativeTarget;
			buildConfigurationList = F7193BC7208B9D1E001B4AF1 /* Build configuration list for PBXNativeTarget "XPInvestimento" */;
			buildPhases = (
				F7193B9A208B9D16001B4AF1 /* Resources */,
				F7193B98208B9D16001B4AF1 /* Sources */,
				F7193B99208B9D16001B4AF1 /* Frameworks */,
				F7743273208BD1E300930672 /* ShellScript */,
			);
			buildRules = (
			);
			dependencies = (
			);
			name = XPInvestimento;
			productName = XPInvestimento;
			productReference = F7193B9C208B9D16001B4AF1 /* XPInvestimento.app */;
			productType = "com.apple.product-type.application";
		};
		F7193BB2208B9D1E001B4AF1 /* XPInvestimentoTests */ = {
			isa = PBXNativeTarget;
			buildConfigurationList = F7193BCA208B9D1E001B4AF1 /* Build configuration list for PBXNativeTarget "XPInvestimentoTests" */;
			buildPhases = (
				F7193BAF208B9D1E001B4AF1 /* Sources */,
				F7193BB0208B9D1E001B4AF1 /* Frameworks */,
				F7193BB1208B9D1E001B4AF1 /* Resources */,
			);
			buildRules = (
			);
			dependencies = (
				F7193BB5208B9D1E001B4AF1 /* PBXTargetDependency */,
			);
			name = XPInvestimentoTests;
			productName = XPInvestimentoTests;
			productReference = F7193BB3208B9D1E001B4AF1 /* XPInvestimentoTests.xctest */;
			productType = "com.apple.product-type.bundle.unit-test";
		};
		F7193BBD208B9D1E001B4AF1 /* XPInvestimentoUITests */ = {
			isa = PBXNativeTarget;
			buildConfigurationList = F7193BCD208B9D1E001B4AF1 /* Build configuration list for PBXNativeTarget "XPInvestimentoUITests" */;
			buildPhases = (
				F7193BBA208B9D1E001B4AF1 /* Sources */,
				F7193BBB208B9D1E001B4AF1 /* Frameworks */,
				F7193BBC208B9D1E001B4AF1 /* Resources */,
			);
			buildRules = (
			);
			dependencies = (
				F7193BC0208B9D1E001B4AF1 /* PBXTargetDependency */,
			);
			name = XPInvestimentoUITests;
			productName = XPInvestimentoUITests;
			productReference = F7193BBE208B9D1E001B4AF1 /* XPInvestimentoUITests.xctest */;
			productType = "com.apple.product-type.bundle.ui-testing";
		};
/* End PBXNativeTarget section */

/* Begin PBXProject section */
		F7193B94208B9D16001B4AF1 /* Project object */ = {
			isa = PBXProject;
			attributes = {
				LastSwiftUpdateCheck = 0930;
				LastUpgradeCheck = 0930;
				ORGANIZATIONNAME = "Kaique Magno";
				TargetAttributes = {
					F7193B9B208B9D16001B4AF1 = {
						CreatedOnToolsVersion = 9.3;
					};
					F7193BB2208B9D1E001B4AF1 = {
						CreatedOnToolsVersion = 9.3;
						TestTargetID = F7193B9B208B9D16001B4AF1;
					};
					F7193BBD208B9D1E001B4AF1 = {
						CreatedOnToolsVersion = 9.3;
						TestTargetID = F7193B9B208B9D16001B4AF1;
					};
				};
			};
			buildConfigurationList = F7193B97208B9D16001B4AF1 /* Build configuration list for PBXProject "XPInvestimento" */;
			compatibilityVersion = "Xcode 9.3";
			developmentRegion = en;
			hasScannedForEncodings = 0;
			knownRegions = (
				en,
				Base,
			);
			mainGroup = F7193B93208B9D16001B4AF1;
			productRefGroup = F7193B9D208B9D16001B4AF1 /* Products */;
			projectDirPath = "";
			projectRoot = "";
			targets = (
				F7193B9B208B9D16001B4AF1 /* XPInvestimento */,
				F7193BB2208B9D1E001B4AF1 /* XPInvestimentoTests */,
				F7193BBD208B9D1E001B4AF1 /* XPInvestimentoUITests */,
			);
		};
/* End PBXProject section */

/* Begin PBXResourcesBuildPhase section */
		F7193B9A208B9D16001B4AF1 /* Resources */ = {
			isa = PBXResourcesBuildPhase;
			buildActionMask = 2147483647;
			files = (
				F774326F208BD11100930672 /* Cartfile in Resources */,
				F774324A208BBA8500930672 /* CharacterDetailViewController.storyboard in Resources */,
				F7193BAD208B9D1E001B4AF1 /* LaunchScreen.storyboard in Resources */,
				F774323C208BB9F100930672 /* CharactersViewController.storyboard in Resources */,
				F7193BAA208B9D1E001B4AF1 /* Assets.xcassets in Resources */,
				F774325A208BBB2400930672 /* .gitignore in Resources */,
				F7743258208BBB0100930672 /* CharactersFavoriteViewController.storyboard in Resources */,
			);
			runOnlyForDeploymentPostprocessing = 0;
		};
		F7193BB1208B9D1E001B4AF1 /* Resources */ = {
			isa = PBXResourcesBuildPhase;
			buildActionMask = 2147483647;
			files = (
			);
			runOnlyForDeploymentPostprocessing = 0;
		};
		F7193BBC208B9D1E001B4AF1 /* Resources */ = {
			isa = PBXResourcesBuildPhase;
			buildActionMask = 2147483647;
			files = (
			);
			runOnlyForDeploymentPostprocessing = 0;
		};
/* End PBXResourcesBuildPhase section */

/* Begin PBXShellScriptBuildPhase section */
		F7743273208BD1E300930672 /* ShellScript */ = {
			isa = PBXShellScriptBuildPhase;
			buildActionMask = 2147483647;
			files = (
			);
			inputPaths = (
				"$(SRCROOT)/Carthage/Build/iOS/CryptoSwift.framework",
			);
			outputPaths = (
			);
			runOnlyForDeploymentPostprocessing = 0;
			shellPath = /bin/sh;
			shellScript = "/usr/local/bin/carthage copy-frameworks";
		};
/* End PBXShellScriptBuildPhase section */

/* Begin PBXSourcesBuildPhase section */
		F7193B98208B9D16001B4AF1 /* Sources */ = {
			isa = PBXSourcesBuildPhase;
			buildActionMask = 2147483647;
			files = (
				F7743248208BBA7D00930672 /* CharacterDetailViewController.swift in Sources */,
				F774323A208BB9E300930672 /* CharactersViewController.swift in Sources */,
				F7743282208BDA4000930672 /* Image.swift in Sources */,
				F7743280208BD92C00930672 /* GetCharacters.swift in Sources */,
				F7743246208BBA7100930672 /* CharacterDetailPresenter.swift in Sources */,
				F7743256208BBAFB00930672 /* CharactersFavoriteViewController.swift in Sources */,
				F7743254208BBAEC00930672 /* CharactersFavoritePresenter.swift in Sources */,
				F7743252208BBAE300930672 /* CharactersFavoriteInteractor.swift in Sources */,
				F7743284208BDBA900930672 /* MarvelResponse.swift in Sources */,
				F7193BA0208B9D16001B4AF1 /* AppDelegate.swift in Sources */,
				F7743288208BDF0C00930672 /* HTTPParameter.swift in Sources */,
				F7743244208BBA6A00930672 /* CharacterDetailInteractor.swift in Sources */,
				F774328F208BE14700930672 /* APIError.swift in Sources */,
				F774328A208BDFFF00930672 /* String+MD5.swift in Sources */,
				F7743238208BB9D400930672 /* CharactersPresenter.swift in Sources */,
				F7743277208BD37300930672 /* Character.swift in Sources */,
				F7743275208BD2CB00930672 /* DataManager.swift in Sources */,
				F7743234208BB9BE00930672 /* CharactersRouter.swift in Sources */,
				F774325E208BBC6800930672 /* Logger.swift in Sources */,
				F7193BA8208B9D16001B4AF1 /* XPInvestimento.xcdatamodeld in Sources */,
				F7743236208BB9CC00930672 /* CharactersInteractor.swift in Sources */,
				F7743286208BDC3B00930672 /* DataCointaner.swift in Sources */,
				F7743250208BBADD00930672 /* CharactersFavoriteRouter.swift in Sources */,
				F7743292208BE30800930672 /* Result.swift in Sources */,
				F7743242208BBA6200930672 /* CharacterDetailRouter.swift in Sources */,
				F774327B208BD5A000930672 /* APIRequest.swift in Sources */,
				F774328C208BE0DB00930672 /* URLQueryEncoder.swift in Sources */,
				F7743265208BBCFE00930672 /* Constants.swift in Sources */,
			);
			runOnlyForDeploymentPostprocessing = 0;
		};
		F7193BAF208B9D1E001B4AF1 /* Sources */ = {
			isa = PBXSourcesBuildPhase;
			buildActionMask = 2147483647;
			files = (
				F7EB4195208D160F0052CBE2 /* APITest.swift in Sources */,
			);
			runOnlyForDeploymentPostprocessing = 0;
		};
		F7193BBA208B9D1E001B4AF1 /* Sources */ = {
			isa = PBXSourcesBuildPhase;
			buildActionMask = 2147483647;
			files = (
				F7193BC3208B9D1E001B4AF1 /* XPInvestimentoUITests.swift in Sources */,
			);
			runOnlyForDeploymentPostprocessing = 0;
		};
/* End PBXSourcesBuildPhase section */

/* Begin PBXTargetDependency section */
		F7193BB5208B9D1E001B4AF1 /* PBXTargetDependency */ = {
			isa = PBXTargetDependency;
			target = F7193B9B208B9D16001B4AF1 /* XPInvestimento */;
			targetProxy = F7193BB4208B9D1E001B4AF1 /* PBXContainerItemProxy */;
		};
		F7193BC0208B9D1E001B4AF1 /* PBXTargetDependency */ = {
			isa = PBXTargetDependency;
			target = F7193B9B208B9D16001B4AF1 /* XPInvestimento */;
			targetProxy = F7193BBF208B9D1E001B4AF1 /* PBXContainerItemProxy */;
		};
/* End PBXTargetDependency section */

/* Begin PBXVariantGroup section */
		F7193BAB208B9D1E001B4AF1 /* LaunchScreen.storyboard */ = {
			isa = PBXVariantGroup;
			children = (
				F7193BAC208B9D1E001B4AF1 /* Base */,
			);
			name = LaunchScreen.storyboard;
			sourceTree = "<group>";
		};
/* End PBXVariantGroup section */

/* Begin XCBuildConfiguration section */
		F7193BC5208B9D1E001B4AF1 /* Debug */ = {
			isa = XCBuildConfiguration;
			buildSettings = {
				ALWAYS_SEARCH_USER_PATHS = NO;
				CLANG_ANALYZER_NONNULL = YES;
				CLANG_ANALYZER_NUMBER_OBJECT_CONVERSION = YES_AGGRESSIVE;
				CLANG_CXX_LANGUAGE_STANDARD = "gnu++14";
				CLANG_CXX_LIBRARY = "libc++";
				CLANG_ENABLE_MODULES = YES;
				CLANG_ENABLE_OBJC_ARC = YES;
				CLANG_ENABLE_OBJC_WEAK = YES;
				CLANG_WARN_BLOCK_CAPTURE_AUTORELEASING = YES;
				CLANG_WARN_BOOL_CONVERSION = YES;
				CLANG_WARN_COMMA = YES;
				CLANG_WARN_CONSTANT_CONVERSION = YES;
				CLANG_WARN_DEPRECATED_OBJC_IMPLEMENTATIONS = YES;
				CLANG_WARN_DIRECT_OBJC_ISA_USAGE = YES_ERROR;
				CLANG_WARN_DOCUMENTATION_COMMENTS = YES;
				CLANG_WARN_EMPTY_BODY = YES;
				CLANG_WARN_ENUM_CONVERSION = YES;
				CLANG_WARN_INFINITE_RECURSION = YES;
				CLANG_WARN_INT_CONVERSION = YES;
				CLANG_WARN_NON_LITERAL_NULL_CONVERSION = YES;
				CLANG_WARN_OBJC_IMPLICIT_RETAIN_SELF = YES;
				CLANG_WARN_OBJC_LITERAL_CONVERSION = YES;
				CLANG_WARN_OBJC_ROOT_CLASS = YES_ERROR;
				CLANG_WARN_RANGE_LOOP_ANALYSIS = YES;
				CLANG_WARN_STRICT_PROTOTYPES = YES;
				CLANG_WARN_SUSPICIOUS_MOVE = YES;
				CLANG_WARN_UNGUARDED_AVAILABILITY = YES_AGGRESSIVE;
				CLANG_WARN_UNREACHABLE_CODE = YES;
				CLANG_WARN__DUPLICATE_METHOD_MATCH = YES;
				CODE_SIGN_IDENTITY = "iPhone Developer";
				COPY_PHASE_STRIP = NO;
				DEBUG_INFORMATION_FORMAT = dwarf;
				ENABLE_STRICT_OBJC_MSGSEND = YES;
				ENABLE_TESTABILITY = YES;
				GCC_C_LANGUAGE_STANDARD = gnu11;
				GCC_DYNAMIC_NO_PIC = NO;
				GCC_NO_COMMON_BLOCKS = YES;
				GCC_OPTIMIZATION_LEVEL = 0;
				GCC_PREPROCESSOR_DEFINITIONS = (
					"DEBUG=1",
					"$(inherited)",
				);
				GCC_WARN_64_TO_32_BIT_CONVERSION = YES;
				GCC_WARN_ABOUT_RETURN_TYPE = YES_ERROR;
				GCC_WARN_UNDECLARED_SELECTOR = YES;
				GCC_WARN_UNINITIALIZED_AUTOS = YES_AGGRESSIVE;
				GCC_WARN_UNUSED_FUNCTION = YES;
				GCC_WARN_UNUSED_VARIABLE = YES;
				IPHONEOS_DEPLOYMENT_TARGET = 11.3;
				MTL_ENABLE_DEBUG_INFO = YES;
				ONLY_ACTIVE_ARCH = YES;
				SDKROOT = iphoneos;
				SWIFT_ACTIVE_COMPILATION_CONDITIONS = DEBUG;
				SWIFT_OPTIMIZATION_LEVEL = "-Onone";
			};
			name = Debug;
		};
		F7193BC6208B9D1E001B4AF1 /* Release */ = {
			isa = XCBuildConfiguration;
			buildSettings = {
				ALWAYS_SEARCH_USER_PATHS = NO;
				CLANG_ANALYZER_NONNULL = YES;
				CLANG_ANALYZER_NUMBER_OBJECT_CONVERSION = YES_AGGRESSIVE;
				CLANG_CXX_LANGUAGE_STANDARD = "gnu++14";
				CLANG_CXX_LIBRARY = "libc++";
				CLANG_ENABLE_MODULES = YES;
				CLANG_ENABLE_OBJC_ARC = YES;
				CLANG_ENABLE_OBJC_WEAK = YES;
				CLANG_WARN_BLOCK_CAPTURE_AUTORELEASING = YES;
				CLANG_WARN_BOOL_CONVERSION = YES;
				CLANG_WARN_COMMA = YES;
				CLANG_WARN_CONSTANT_CONVERSION = YES;
				CLANG_WARN_DEPRECATED_OBJC_IMPLEMENTATIONS = YES;
				CLANG_WARN_DIRECT_OBJC_ISA_USAGE = YES_ERROR;
				CLANG_WARN_DOCUMENTATION_COMMENTS = YES;
				CLANG_WARN_EMPTY_BODY = YES;
				CLANG_WARN_ENUM_CONVERSION = YES;
				CLANG_WARN_INFINITE_RECURSION = YES;
				CLANG_WARN_INT_CONVERSION = YES;
				CLANG_WARN_NON_LITERAL_NULL_CONVERSION = YES;
				CLANG_WARN_OBJC_IMPLICIT_RETAIN_SELF = YES;
				CLANG_WARN_OBJC_LITERAL_CONVERSION = YES;
				CLANG_WARN_OBJC_ROOT_CLASS = YES_ERROR;
				CLANG_WARN_RANGE_LOOP_ANALYSIS = YES;
				CLANG_WARN_STRICT_PROTOTYPES = YES;
				CLANG_WARN_SUSPICIOUS_MOVE = YES;
				CLANG_WARN_UNGUARDED_AVAILABILITY = YES_AGGRESSIVE;
				CLANG_WARN_UNREACHABLE_CODE = YES;
				CLANG_WARN__DUPLICATE_METHOD_MATCH = YES;
				CODE_SIGN_IDENTITY = "iPhone Developer";
				COPY_PHASE_STRIP = NO;
				DEBUG_INFORMATION_FORMAT = "dwarf-with-dsym";
				ENABLE_NS_ASSERTIONS = NO;
				ENABLE_STRICT_OBJC_MSGSEND = YES;
				GCC_C_LANGUAGE_STANDARD = gnu11;
				GCC_NO_COMMON_BLOCKS = YES;
				GCC_WARN_64_TO_32_BIT_CONVERSION = YES;
				GCC_WARN_ABOUT_RETURN_TYPE = YES_ERROR;
				GCC_WARN_UNDECLARED_SELECTOR = YES;
				GCC_WARN_UNINITIALIZED_AUTOS = YES_AGGRESSIVE;
				GCC_WARN_UNUSED_FUNCTION = YES;
				GCC_WARN_UNUSED_VARIABLE = YES;
				IPHONEOS_DEPLOYMENT_TARGET = 11.3;
				MTL_ENABLE_DEBUG_INFO = NO;
				SDKROOT = iphoneos;
				SWIFT_COMPILATION_MODE = wholemodule;
				SWIFT_OPTIMIZATION_LEVEL = "-O";
				VALIDATE_PRODUCT = YES;
			};
			name = Release;
		};
		F7193BC8208B9D1E001B4AF1 /* Debug */ = {
			isa = XCBuildConfiguration;
			buildSettings = {
				ASSETCATALOG_COMPILER_APPICON_NAME = AppIcon;
				CODE_SIGN_STYLE = Automatic;
				DEVELOPMENT_TEAM = 2B6823827K;
				FRAMEWORK_SEARCH_PATHS = (
					"$(inherited)",
					"$(PROJECT_DIR)/Carthage/Build/iOS",
				);
				INFOPLIST_FILE = XPInvestimento/Info.plist;
				LD_RUNPATH_SEARCH_PATHS = (
					"$(inherited)",
					"@executable_path/Frameworks",
				);
				PRODUCT_BUNDLE_IDENTIFIER = com.kaiquemagno.XPInvestimento;
				PRODUCT_NAME = "$(TARGET_NAME)";
				SWIFT_VERSION = 4.0;
				TARGETED_DEVICE_FAMILY = "1,2";
			};
			name = Debug;
		};
		F7193BC9208B9D1E001B4AF1 /* Release */ = {
			isa = XCBuildConfiguration;
			buildSettings = {
				ASSETCATALOG_COMPILER_APPICON_NAME = AppIcon;
				CODE_SIGN_STYLE = Automatic;
				DEVELOPMENT_TEAM = 2B6823827K;
				FRAMEWORK_SEARCH_PATHS = (
					"$(inherited)",
					"$(PROJECT_DIR)/Carthage/Build/iOS",
				);
				INFOPLIST_FILE = XPInvestimento/Info.plist;
				LD_RUNPATH_SEARCH_PATHS = (
					"$(inherited)",
					"@executable_path/Frameworks",
				);
				PRODUCT_BUNDLE_IDENTIFIER = com.kaiquemagno.XPInvestimento;
				PRODUCT_NAME = "$(TARGET_NAME)";
				SWIFT_VERSION = 4.0;
				TARGETED_DEVICE_FAMILY = "1,2";
			};
			name = Release;
		};
		F7193BCB208B9D1E001B4AF1 /* Debug */ = {
			isa = XCBuildConfiguration;
			buildSettings = {
				ALWAYS_EMBED_SWIFT_STANDARD_LIBRARIES = YES;
				BUNDLE_LOADER = "$(TEST_HOST)";
				CODE_SIGN_STYLE = Automatic;
				DEVELOPMENT_TEAM = 2B6823827K;
				INFOPLIST_FILE = XPInvestimentoTests/Info.plist;
				LD_RUNPATH_SEARCH_PATHS = (
					"$(inherited)",
					"@executable_path/Frameworks",
					"@loader_path/Frameworks",
				);
				PRODUCT_BUNDLE_IDENTIFIER = com.kaiquemagno.XPInvestimentoTests;
				PRODUCT_NAME = "$(TARGET_NAME)";
				SWIFT_VERSION = 4.0;
				TARGETED_DEVICE_FAMILY = "1,2";
				TEST_HOST = "$(BUILT_PRODUCTS_DIR)/XPInvestimento.app/XPInvestimento";
			};
			name = Debug;
		};
		F7193BCC208B9D1E001B4AF1 /* Release */ = {
			isa = XCBuildConfiguration;
			buildSettings = {
				ALWAYS_EMBED_SWIFT_STANDARD_LIBRARIES = YES;
				BUNDLE_LOADER = "$(TEST_HOST)";
				CODE_SIGN_STYLE = Automatic;
				DEVELOPMENT_TEAM = 2B6823827K;
				INFOPLIST_FILE = XPInvestimentoTests/Info.plist;
				LD_RUNPATH_SEARCH_PATHS = (
					"$(inherited)",
					"@executable_path/Frameworks",
					"@loader_path/Frameworks",
				);
				PRODUCT_BUNDLE_IDENTIFIER = com.kaiquemagno.XPInvestimentoTests;
				PRODUCT_NAME = "$(TARGET_NAME)";
				SWIFT_VERSION = 4.0;
				TARGETED_DEVICE_FAMILY = "1,2";
				TEST_HOST = "$(BUILT_PRODUCTS_DIR)/XPInvestimento.app/XPInvestimento";
			};
			name = Release;
		};
		F7193BCE208B9D1E001B4AF1 /* Debug */ = {
			isa = XCBuildConfiguration;
			buildSettings = {
				ALWAYS_EMBED_SWIFT_STANDARD_LIBRARIES = YES;
				CODE_SIGN_STYLE = Automatic;
				DEVELOPMENT_TEAM = 2B6823827K;
				INFOPLIST_FILE = XPInvestimentoUITests/Info.plist;
				LD_RUNPATH_SEARCH_PATHS = (
					"$(inherited)",
					"@executable_path/Frameworks",
					"@loader_path/Frameworks",
				);
				PRODUCT_BUNDLE_IDENTIFIER = com.kaiquemagno.XPInvestimentoUITests;
				PRODUCT_NAME = "$(TARGET_NAME)";
				SWIFT_VERSION = 4.0;
				TARGETED_DEVICE_FAMILY = "1,2";
				TEST_TARGET_NAME = XPInvestimento;
			};
			name = Debug;
		};
		F7193BCF208B9D1E001B4AF1 /* Release */ = {
			isa = XCBuildConfiguration;
			buildSettings = {
				ALWAYS_EMBED_SWIFT_STANDARD_LIBRARIES = YES;
				CODE_SIGN_STYLE = Automatic;
				DEVELOPMENT_TEAM = 2B6823827K;
				INFOPLIST_FILE = XPInvestimentoUITests/Info.plist;
				LD_RUNPATH_SEARCH_PATHS = (
					"$(inherited)",
					"@executable_path/Frameworks",
					"@loader_path/Frameworks",
				);
				PRODUCT_BUNDLE_IDENTIFIER = com.kaiquemagno.XPInvestimentoUITests;
				PRODUCT_NAME = "$(TARGET_NAME)";
				SWIFT_VERSION = 4.0;
				TARGETED_DEVICE_FAMILY = "1,2";
				TEST_TARGET_NAME = XPInvestimento;
			};
			name = Release;
		};
/* End XCBuildConfiguration section */

/* Begin XCConfigurationList section */
		F7193B97208B9D16001B4AF1 /* Build configuration list for PBXProject "XPInvestimento" */ = {
			isa = XCConfigurationList;
			buildConfigurations = (
				F7193BC5208B9D1E001B4AF1 /* Debug */,
				F7193BC6208B9D1E001B4AF1 /* Release */,
			);
			defaultConfigurationIsVisible = 0;
			defaultConfigurationName = Release;
		};
		F7193BC7208B9D1E001B4AF1 /* Build configuration list for PBXNativeTarget "XPInvestimento" */ = {
			isa = XCConfigurationList;
			buildConfigurations = (
				F7193BC8208B9D1E001B4AF1 /* Debug */,
				F7193BC9208B9D1E001B4AF1 /* Release */,
			);
			defaultConfigurationIsVisible = 0;
			defaultConfigurationName = Release;
		};
		F7193BCA208B9D1E001B4AF1 /* Build configuration list for PBXNativeTarget "XPInvestimentoTests" */ = {
			isa = XCConfigurationList;
			buildConfigurations = (
				F7193BCB208B9D1E001B4AF1 /* Debug */,
				F7193BCC208B9D1E001B4AF1 /* Release */,
			);
			defaultConfigurationIsVisible = 0;
			defaultConfigurationName = Release;
		};
		F7193BCD208B9D1E001B4AF1 /* Build configuration list for PBXNativeTarget "XPInvestimentoUITests" */ = {
			isa = XCConfigurationList;
			buildConfigurations = (
				F7193BCE208B9D1E001B4AF1 /* Debug */,
				F7193BCF208B9D1E001B4AF1 /* Release */,
			);
			defaultConfigurationIsVisible = 0;
			defaultConfigurationName = Release;
		};
/* End XCConfigurationList section */

/* Begin XCVersionGroup section */
		F7193BA6208B9D16001B4AF1 /* XPInvestimento.xcdatamodeld */ = {
			isa = XCVersionGroup;
			children = (
				F7193BA7208B9D16001B4AF1 /* XPInvestimento.xcdatamodel */,
			);
			currentVersion = F7193BA7208B9D16001B4AF1 /* XPInvestimento.xcdatamodel */;
			path = XPInvestimento.xcdatamodeld;
			sourceTree = "<group>";
			versionGroupType = wrapper.xcdatamodel;
		};
/* End XCVersionGroup section */
	};
	rootObject = F7193B94208B9D16001B4AF1 /* Project object */;
}
